{
  "originHash" : "61c23ede9110f5e0c111ff37ab284988abb1a84ea2b70c91ba91dd36d2bd1cbd",
  "pins" : [
    {
      "identity" : "database-types",
      "kind" : "remoteSourceControl",
      "location" : "https://github.com/1amageek/database-types.git",
      "state" : {
        "revision" : "4b0c81a9c322cbfa5628e411ee1fa931c2890e5d",
        "version" : "26.730.0"
      }
    },
    {
      "identity" : "swift-syntax",
      "kind" : "remoteSourceControl",
      "location" : "https://github.com/swiftlang/swift-syntax.git",
      "state" : {
        "revision" : "79e4b74a295b6eb74a8b585e3a39d29e70c1dbd1",
        "version" : "603.0.2"
      }
    }
  ],
  "version" : 3
}
